
Microsoft Visual Studio Solution File, Format Version 12.00
# Visual Studio 2013
VisualStudioVersion = 12.0.20623.1 VSUPREVIEW
MinimumVisualStudioVersion = 10.0.40219.1
Project("{8BC9CEB8-8B4A-11D0-8D11-00A0C91BC942}") = "Cube2Cyl", "Cube2Cyl\Cube2Cyl.vcxproj", "{B5E0F080-9C81-43D6-AB4E-A7A1AF9AE552}"
EndProject
Global
	GlobalSection(SolutionConfigurationPlatforms) = preSolution
		Debug|Win32 = Debug|Win32
		Release|Win32 = Release|Win32
	EndGlobalSection
	GlobalSection(ProjectConfigurationPlatforms) = postSolution
		{B5E0F080-9C81-43D6-AB4E-A7A1AF9AE552}.Debug|Win32.ActiveCfg = Debug|Win32
		{B5E0F080-9C81-43D6-AB4E-A7A1AF9AE552}.Debug|Win32.Build.0 = Debug|Win32
		{B5E0F080-9C81-43D6-AB4E-A7A1AF9AE552}.Release|Win32.ActiveCfg = Release|Win32
		{B5E0F080-9C81-43D6-AB4E-A7A1AF9AE552}.Release|Win32.Build.0 = Release|Win32
	EndGlobalSection
	GlobalSection(SolutionProperties) = preSolution
		HideSolutionNode = FALSE
	EndGlobalSection
EndGlobal
